
Microsoft Visual Studio Solution File, Format Version 12.00
# Visual Studio Version 17
VisualStudioVersion = 17.9.34728.123
MinimumVisualStudioVersion = 10.0.40219.1
Project("{8BC9CEB8-8B4A-11D0-8D11-00A0C91BC942}") = "server", "server\server.vcxproj", "{81B59EE3-6AD9-4E7D-92D9-555ECA1F948B}"
EndProject
Global
	GlobalSection(SolutionConfigurationPlatforms) = preSolution
		Debug|x64 = Debug|x64
		Debug|x86 = Debug|x86
		Release|x64 = Release|x64
		Release|x86 = Release|x86
	EndGlobalSection
	GlobalSection(ProjectConfigurationPlatforms) = postSolution
		{81B59EE3-6AD9-4E7D-92D9-555ECA1F948B}.Debug|x64.ActiveCfg = Debug|x64
		{81B59EE3-6AD9-4E7D-92D9-555ECA1F948B}.Debug|x64.Build.0 = Debug|x64
		{81B59EE3-6AD9-4E7D-92D9-555ECA1F948B}.Debug|x86.ActiveCfg = Debug|Win32
		{81B59EE3-6AD9-4E7D-92D9-555ECA1F948B}.Debug|x86.Build.0 = Debug|Win32
		{81B59EE3-6AD9-4E7D-92D9-555ECA1F948B}.Release|x64.ActiveCfg = Release|x64
		{81B59EE3-6AD9-4E7D-92D9-555ECA1F948B}.Release|x64.Build.0 = Release|x64
		{81B59EE3-6AD9-4E7D-92D9-555ECA1F948B}.Release|x86.ActiveCfg = Release|Win32
		{81B59EE3-6AD9-4E7D-92D9-555ECA1F948B}.Release|x86.Build.0 = Release|Win32
	EndGlobalSection
	GlobalSection(SolutionProperties) = preSolution
		HideSolutionNode = FALSE
	EndGlobalSection
	GlobalSection(ExtensibilityGlobals) = postSolution
		SolutionGuid = {1115FFAC-EDF3-4624-88F1-B3777DACB386}
	EndGlobalSection
EndGlobal
